
Microsoft Visual Studio Solution File, Format Version 12.00
# Visual Studio Version 17
VisualStudioVersion = 17.10.35004.147
MinimumVisualStudioVersion = 10.0.40219.1
Project("{9A19103F-16F7-4668-BE54-9A1E7A4F7556}") = "BankSystem", "BankSystem\BankSystem.csproj", "{4E9A4283-2EBB-4055-8625-C6CAEDA58A65}"
EndProject
Project("{9A19103F-16F7-4668-BE54-9A1E7A4F7556}") = "InfrastructureLayer.BankSystem", "InfrastructureLayer.BankSystem\InfrastructureLayer.BankSystem.csproj", "{308228FA-A05A-4909-83D5-144017B28BC8}"
EndProject
Project("{9A19103F-16F7-4668-BE54-9A1E7A4F7556}") = "ApplicationLayer.BankSystem", "ApplicationLayer.BankSystem\ApplicationLayer.BankSystem.csproj", "{77B308F0-27CE-433D-A005-0D120E01DF99}"
EndProject
Project("{9A19103F-16F7-4668-BE54-9A1E7A4F7556}") = "Domainlayer.BankSystem", "Domainlayer.BankSystem\Domainlayer.BankSystem.csproj", "{C95D5B8A-CA12-4616-A0BD-4C4D46CE6598}"
EndProject
Project("{FAE04EC0-301F-11D3-BF4B-00C04F79EFBC}") = "BusinessCore.BankSystem", "BusinessCore.BankSystem\BusinessCore.BankSystem.csproj", "{E000E353-AD0A-4788-86FB-DA8E20639753}"
EndProject
Global
	GlobalSection(SolutionConfigurationPlatforms) = preSolution
		Debug|Any CPU = Debug|Any CPU
		Release|Any CPU = Release|Any CPU
	EndGlobalSection
	GlobalSection(ProjectConfigurationPlatforms) = postSolution
		{4E9A4283-2EBB-4055-8625-C6CAEDA58A65}.Debug|Any CPU.ActiveCfg = Debug|Any CPU
		{4E9A4283-2EBB-4055-8625-C6CAEDA58A65}.Debug|Any CPU.Build.0 = Debug|Any CPU
		{4E9A4283-2EBB-4055-8625-C6CAEDA58A65}.Release|Any CPU.ActiveCfg = Release|Any CPU
		{4E9A4283-2EBB-4055-8625-C6CAEDA58A65}.Release|Any CPU.Build.0 = Release|Any CPU
		{308228FA-A05A-4909-83D5-144017B28BC8}.Debug|Any CPU.ActiveCfg = Debug|Any CPU
		{308228FA-A05A-4909-83D5-144017B28BC8}.Debug|Any CPU.Build.0 = Debug|Any CPU
		{308228FA-A05A-4909-83D5-144017B28BC8}.Release|Any CPU.ActiveCfg = Release|Any CPU
		{308228FA-A05A-4909-83D5-144017B28BC8}.Release|Any CPU.Build.0 = Release|Any CPU
		{77B308F0-27CE-433D-A005-0D120E01DF99}.Debug|Any CPU.ActiveCfg = Debug|Any CPU
		{77B308F0-27CE-433D-A005-0D120E01DF99}.Debug|Any CPU.Build.0 = Debug|Any CPU
		{77B308F0-27CE-433D-A005-0D120E01DF99}.Release|Any CPU.ActiveCfg = Release|Any CPU
		{77B308F0-27CE-433D-A005-0D120E01DF99}.Release|Any CPU.Build.0 = Release|Any CPU
		{C95D5B8A-CA12-4616-A0BD-4C4D46CE6598}.Debug|Any CPU.ActiveCfg = Debug|Any CPU
		{C95D5B8A-CA12-4616-A0BD-4C4D46CE6598}.Debug|Any CPU.Build.0 = Debug|Any CPU
		{C95D5B8A-CA12-4616-A0BD-4C4D46CE6598}.Release|Any CPU.ActiveCfg = Release|Any CPU
		{C95D5B8A-CA12-4616-A0BD-4C4D46CE6598}.Release|Any CPU.Build.0 = Release|Any CPU
		{E000E353-AD0A-4788-86FB-DA8E20639753}.Debug|Any CPU.ActiveCfg = Debug|Any CPU
		{E000E353-AD0A-4788-86FB-DA8E20639753}.Debug|Any CPU.Build.0 = Debug|Any CPU
		{E000E353-AD0A-4788-86FB-DA8E20639753}.Release|Any CPU.ActiveCfg = Release|Any CPU
		{E000E353-AD0A-4788-86FB-DA8E20639753}.Release|Any CPU.Build.0 = Release|Any CPU
	EndGlobalSection
	GlobalSection(SolutionProperties) = preSolution
		HideSolutionNode = FALSE
	EndGlobalSection
	GlobalSection(ExtensibilityGlobals) = postSolution
		SolutionGuid = {6A18E715-CA69-4CA8-AD9A-72387569CEB0}
	EndGlobalSection
EndGlobal
